
Microsoft Visual Studio Solution File, Format Version 12.00
# Visual Studio Version 17
VisualStudioVersion = 17.5.002.0
MinimumVisualStudioVersion = 10.0.40219.1
Project("{9A19103F-16F7-4668-BE54-9A1E7A4F7556}") = "MunicipalityApp", "MunicipalityApp\MunicipalityApp.csproj", "{45E898A7-5648-46A3-9DBE-D40729A1CA7A}"
EndProject
Global
	GlobalSection(SolutionConfigurationPlatforms) = preSolution
		Debug|Any CPU = Debug|Any CPU
		Release|Any CPU = Release|Any CPU
	EndGlobalSection
	GlobalSection(ProjectConfigurationPlatforms) = postSolution
		{45E898A7-5648-46A3-9DBE-D40729A1CA7A}.Debug|Any CPU.ActiveCfg = Debug|Any CPU
		{45E898A7-5648-46A3-9DBE-D40729A1CA7A}.Debug|Any CPU.Build.0 = Debug|Any CPU
		{45E898A7-5648-46A3-9DBE-D40729A1CA7A}.Release|Any CPU.ActiveCfg = Release|Any CPU
		{45E898A7-5648-46A3-9DBE-D40729A1CA7A}.Release|Any CPU.Build.0 = Release|Any CPU
	EndGlobalSection
	GlobalSection(SolutionProperties) = preSolution
		HideSolutionNode = FALSE
	EndGlobalSection
	GlobalSection(ExtensibilityGlobals) = postSolution
		SolutionGuid = {1A696954-BC9C-41EA-9715-DC781B599DA3}
	EndGlobalSection
EndGlobal
